PODS:
  - Alamofire (5.4.1)
  - Kingfisher (6.2.1)
  - SDWebImage (5.10.4):
    - SDWebImage/Core (= 5.10.4)
  - SDWebImage/Core (5.10.4)

DEPENDENCIES:
  - Alamofire
  - Kingfisher
  - SDWebImage

SPEC REPOS:
  trunk:
    - Alamofire
    - Kingfisher
    - SDWebImage

SPEC CHECKSUMS:
  Alamofire: 2291f7d21ca607c491dd17642e5d40fdcda0e65c
  Kingfisher: e71c6fac2aebb1262888cabc2cb13d313362a48f
  SDWebImage: c666b97e1fa9c64b4909816a903322018f0a9c84

PODFILE CHECKSUM: 9cae2cc1b4a31195af286278dadd84a7baaac22d

COCOAPODS: 1.10.1
